// !$*UTF8*$!
{
	archiveVersion = 1;
	classes = {
	};
	objectVersion = 56;
	objects = {

/* Begin PBXBuildFile section */
		A0DD0F811D79FD7D2528D480 /* Pods_FoodDelivery_FoodDeliveryUITests.framework in Frameworks */ = {isa = PBXBuildFile; fileRef = 3AFE9891149CA6CA85D4CB99 /* Pods_FoodDelivery_FoodDeliveryUITests.framework */; };
		E9BEB1CE97807B753BD07C75 /* Pods_FoodDeliveryTests.framework in Frameworks */ = {isa = PBXBuildFile; fileRef = CE318074B4E58FE3BED9695F /* Pods_FoodDeliveryTests.framework */; };
		ECDD6A092CC36EE400FFCD8B /* FoodDeliveryApp.swift in Sources */ = {isa = PBXBuildFile; fileRef = ECDD6A082CC36EE400FFCD8B /* FoodDeliveryApp.swift */; };
		ECDD6A0D2CC36EE900FFCD8B /* Assets.xcassets in Resources */ = {isa = PBXBuildFile; fileRef = ECDD6A0C2CC36EE900FFCD8B /* Assets.xcassets */; };
		ECDD6A102CC36EE900FFCD8B /* Preview Assets.xcassets in Resources */ = {isa = PBXBuildFile; fileRef = ECDD6A0F2CC36EE900FFCD8B /* Preview Assets.xcassets */; };
		ECDD6A1A2CC36EEA00FFCD8B /* FoodDeliveryTests.swift in Sources */ = {isa = PBXBuildFile; fileRef = ECDD6A192CC36EEA00FFCD8B /* FoodDeliveryTests.swift */; };
		ECDD6A242CC36EEB00FFCD8B /* FoodDeliveryUITests.swift in Sources */ = {isa = PBXBuildFile; fileRef = ECDD6A232CC36EEB00FFCD8B /* FoodDeliveryUITests.swift */; };
		ECDD6A262CC36EEB00FFCD8B /* FoodDeliveryUITestsLaunchTests.swift in Sources */ = {isa = PBXBuildFile; fileRef = ECDD6A252CC36EEB00FFCD8B /* FoodDeliveryUITestsLaunchTests.swift */; };
		ECDD6A372CC36FD900FFCD8B /* FoodItem.swift in Sources */ = {isa = PBXBuildFile; fileRef = ECDD6A362CC36FD900FFCD8B /* FoodItem.swift */; };
		ECDD6A392CC36FFF00FFCD8B /* FoodListViewModel.swift in Sources */ = {isa = PBXBuildFile; fileRef = ECDD6A382CC36FFF00FFCD8B /* FoodListViewModel.swift */; };
		ECDD6A3B2CC3702000FFCD8B /* FoodListView.swift in Sources */ = {isa = PBXBuildFile; fileRef = ECDD6A3A2CC3702000FFCD8B /* FoodListView.swift */; };
		ECDD6A3D2CC3704A00FFCD8B /* FoodDetailView.swift in Sources */ = {isa = PBXBuildFile; fileRef = ECDD6A3C2CC3704A00FFCD8B /* FoodDetailView.swift */; };
		ECDD6A412CC3708600FFCD8B /* SearchBar.swift in Sources */ = {isa = PBXBuildFile; fileRef = ECDD6A402CC3708600FFCD8B /* SearchBar.swift */; };
		ECDD6A432CC38A2A00FFCD8B /* SearchView.swift in Sources */ = {isa = PBXBuildFile; fileRef = ECDD6A422CC38A2A00FFCD8B /* SearchView.swift */; };
		ECDD6A452CC3D2FE00FFCD8B /* FoodGridView.swift in Sources */ = {isa = PBXBuildFile; fileRef = ECDD6A442CC3D2FE00FFCD8B /* FoodGridView.swift */; };
		ECDD6A472CC3D36500FFCD8B /* FoodListMainView.swift in Sources */ = {isa = PBXBuildFile; fileRef = ECDD6A462CC3D36500FFCD8B /* FoodListMainView.swift */; };
		ECDD6A492CC3E38700FFCD8B /* TabbarView.swift in Sources */ = {isa = PBXBuildFile; fileRef = ECDD6A482CC3E38700FFCD8B /* TabbarView.swift */; };
		ECDD6A522CC3E54E00FFCD8B /* OrderView.swift in Sources */ = {isa = PBXBuildFile; fileRef = ECDD6A512CC3E54E00FFCD8B /* OrderView.swift */; };
		ECDD6A542CC3E55F00FFCD8B /* ProfileView.swift in Sources */ = {isa = PBXBuildFile; fileRef = ECDD6A532CC3E55F00FFCD8B /* ProfileView.swift */; };
		ECDD6A562CC3E56D00FFCD8B /* CheckoutView.swift in Sources */ = {isa = PBXBuildFile; fileRef = ECDD6A552CC3E56D00FFCD8B /* CheckoutView.swift */; };
		ECDD6A592CC414DE00FFCD8B /* NetworkManager.swift in Sources */ = {isa = PBXBuildFile; fileRef = ECDD6A582CC414DE00FFCD8B /* NetworkManager.swift */; };
		ECDD6A5B2CC4150800FFCD8B /* APIEndPoint.swift in Sources */ = {isa = PBXBuildFile; fileRef = ECDD6A5A2CC4150800FFCD8B /* APIEndPoint.swift */; };
		ECDD6A5D2CC4153F00FFCD8B /* APIHelper.swift in Sources */ = {isa = PBXBuildFile; fileRef = ECDD6A5C2CC4153F00FFCD8B /* APIHelper.swift */; };
		ECDD6A602CC4158100FFCD8B /* FoodService.swift in Sources */ = {isa = PBXBuildFile; fileRef = ECDD6A5F2CC4158100FFCD8B /* FoodService.swift */; };
		ECDD6A622CC5301100FFCD8B /* Categories.swift in Sources */ = {isa = PBXBuildFile; fileRef = ECDD6A612CC5301100FFCD8B /* Categories.swift */; };
		ECDD6A642CC5541300FFCD8B /* ImageCache.swift in Sources */ = {isa = PBXBuildFile; fileRef = ECDD6A632CC5541300FFCD8B /* ImageCache.swift */; };
		F6A0A6EB07C52DB019483878 /* Pods_FoodDelivery.framework in Frameworks */ = {isa = PBXBuildFile; fileRef = 3AB665E18E7B699B082A8E58 /* Pods_FoodDelivery.framework */; };
/* End PBXBuildFile section */

/* Begin PBXContainerItemProxy section */
		ECDD6A162CC36EEA00FFCD8B /* PBXContainerItemProxy */ = {
			isa = PBXContainerItemProxy;
			containerPortal = ECDD69FD2CC36EE400FFCD8B /* Project object */;
			proxyType = 1;
			remoteGlobalIDString = ECDD6A042CC36EE400FFCD8B;
			remoteInfo = FoodDelivery;
		};
		ECDD6A202CC36EEA00FFCD8B /* PBXContainerItemProxy */ = {
			isa = PBXContainerItemProxy;
			containerPortal = ECDD69FD2CC36EE400FFCD8B /* Project object */;
			proxyType = 1;
			remoteGlobalIDString = ECDD6A042CC36EE400FFCD8B;
			remoteInfo = FoodDelivery;
		};
/* End PBXContainerItemProxy section */

/* Begin PBXFileReference section */
		3AB665E18E7B699B082A8E58 /* Pods_FoodDelivery.framework */ = {isa = PBXFileReference; explicitFileType = wrapper.framework; includeInIndex = 0; path = Pods_FoodDelivery.framework; sourceTree = BUILT_PRODUCTS_DIR; };
		3AFE9891149CA6CA85D4CB99 /* Pods_FoodDelivery_FoodDeliveryUITests.framework */ = {isa = PBXFileReference; explicitFileType = wrapper.framework; includeInIndex = 0; path = Pods_FoodDelivery_FoodDeliveryUITests.framework; sourceTree = BUILT_PRODUCTS_DIR; };
		53ED650F31FB2462A05719AD /* Pods-FoodDelivery.debug.xcconfig */ = {isa = PBXFileReference; includeInIndex = 1; lastKnownFileType = text.xcconfig; name = "Pods-FoodDelivery.debug.xcconfig"; path = "Target Support Files/Pods-FoodDelivery/Pods-FoodDelivery.debug.xcconfig"; sourceTree = "<group>"; };
		8026A6CEE932B127D320E737 /* Pods-FoodDeliveryTests.release.xcconfig */ = {isa = PBXFileReference; includeInIndex = 1; lastKnownFileType = text.xcconfig; name = "Pods-FoodDeliveryTests.release.xcconfig"; path = "Target Support Files/Pods-FoodDeliveryTests/Pods-FoodDeliveryTests.release.xcconfig"; sourceTree = "<group>"; };
		8A0DD424F05C02EE76BD7175 /* Pods-FoodDelivery.release.xcconfig */ = {isa = PBXFileReference; includeInIndex = 1; lastKnownFileType = text.xcconfig; name = "Pods-FoodDelivery.release.xcconfig"; path = "Target Support Files/Pods-FoodDelivery/Pods-FoodDelivery.release.xcconfig"; sourceTree = "<group>"; };
		CE318074B4E58FE3BED9695F /* Pods_FoodDeliveryTests.framework */ = {isa = PBXFileReference; explicitFileType = wrapper.framework; includeInIndex = 0; path = Pods_FoodDeliveryTests.framework; sourceTree = BUILT_PRODUCTS_DIR; };
		CE8BA1205F11A60E0E1768BD /* Pods-FoodDeliveryTests.debug.xcconfig */ = {isa = PBXFileReference; includeInIndex = 1; lastKnownFileType = text.xcconfig; name = "Pods-FoodDeliveryTests.debug.xcconfig"; path = "Target Support Files/Pods-FoodDeliveryTests/Pods-FoodDeliveryTests.debug.xcconfig"; sourceTree = "<group>"; };
		D742CB34B32F0E45AF2FEA8F /* Pods-FoodDelivery-FoodDeliveryUITests.release.xcconfig */ = {isa = PBXFileReference; includeInIndex = 1; lastKnownFileType = text.xcconfig; name = "Pods-FoodDelivery-FoodDeliveryUITests.release.xcconfig"; path = "Target Support Files/Pods-FoodDelivery-FoodDeliveryUITests/Pods-FoodDelivery-FoodDeliveryUITests.release.xcconfig"; sourceTree = "<group>"; };
		E0E008E17AA0AB6B00CDF3C5 /* Pods-FoodDelivery-FoodDeliveryUITests.debug.xcconfig */ = {isa = PBXFileReference; includeInIndex = 1; lastKnownFileType = text.xcconfig; name = "Pods-FoodDelivery-FoodDeliveryUITests.debug.xcconfig"; path = "Target Support Files/Pods-FoodDelivery-FoodDeliveryUITests/Pods-FoodDelivery-FoodDeliveryUITests.debug.xcconfig"; sourceTree = "<group>"; };
		ECDD6A052CC36EE400FFCD8B /* FoodDelivery.app */ = {isa = PBXFileReference; explicitFileType = wrapper.application; includeInIndex = 0; path = FoodDelivery.app; sourceTree = BUILT_PRODUCTS_DIR; };
		ECDD6A082CC36EE400FFCD8B /* FoodDeliveryApp.swift */ = {isa = PBXFileReference; lastKnownFileType = sourcecode.swift; path = FoodDeliveryApp.swift; sourceTree = "<group>"; };
		ECDD6A0C2CC36EE900FFCD8B /* Assets.xcassets */ = {isa = PBXFileReference; lastKnownFileType = folder.assetcatalog; path = Assets.xcassets; sourceTree = "<group>"; };
		ECDD6A0F2CC36EE900FFCD8B /* Preview Assets.xcassets */ = {isa = PBXFileReference; lastKnownFileType = folder.assetcatalog; path = "Preview Assets.xcassets"; sourceTree = "<group>"; };
		ECDD6A152CC36EEA00FFCD8B /* FoodDeliveryTests.xctest */ = {isa = PBXFileReference; explicitFileType = wrapper.cfbundle; includeInIndex = 0; path = FoodDeliveryTests.xctest; sourceTree = BUILT_PRODUCTS_DIR; };
		ECDD6A192CC36EEA00FFCD8B /* FoodDeliveryTests.swift */ = {isa = PBXFileReference; lastKnownFileType = sourcecode.swift; path = FoodDeliveryTests.swift; sourceTree = "<group>"; };
		ECDD6A1F2CC36EEA00FFCD8B /* FoodDeliveryUITests.xctest */ = {isa = PBXFileReference; explicitFileType = wrapper.cfbundle; includeInIndex = 0; path = FoodDeliveryUITests.xctest; sourceTree = BUILT_PRODUCTS_DIR; };
		ECDD6A232CC36EEB00FFCD8B /* FoodDeliveryUITests.swift */ = {isa = PBXFileReference; lastKnownFileType = sourcecode.swift; path = FoodDeliveryUITests.swift; sourceTree = "<group>"; };
		ECDD6A252CC36EEB00FFCD8B /* FoodDeliveryUITestsLaunchTests.swift */ = {isa = PBXFileReference; lastKnownFileType = sourcecode.swift; path = FoodDeliveryUITestsLaunchTests.swift; sourceTree = "<group>"; };
		ECDD6A362CC36FD900FFCD8B /* FoodItem.swift */ = {isa = PBXFileReference; lastKnownFileType = sourcecode.swift; path = FoodItem.swift; sourceTree = "<group>"; };
		ECDD6A382CC36FFF00FFCD8B /* FoodListViewModel.swift */ = {isa = PBXFileReference; lastKnownFileType = sourcecode.swift; path = FoodListViewModel.swift; sourceTree = "<group>"; };
		ECDD6A3A2CC3702000FFCD8B /* FoodListView.swift */ = {isa = PBXFileReference; lastKnownFileType = sourcecode.swift; path = FoodListView.swift; sourceTree = "<group>"; };
		ECDD6A3C2CC3704A00FFCD8B /* FoodDetailView.swift */ = {isa = PBXFileReference; lastKnownFileType = sourcecode.swift; path = FoodDetailView.swift; sourceTree = "<group>"; };
		ECDD6A402CC3708600FFCD8B /* SearchBar.swift */ = {isa = PBXFileReference; lastKnownFileType = sourcecode.swift; path = SearchBar.swift; sourceTree = "<group>"; };
		ECDD6A422CC38A2A00FFCD8B /* SearchView.swift */ = {isa = PBXFileReference; lastKnownFileType = sourcecode.swift; path = SearchView.swift; sourceTree = "<group>"; };
		ECDD6A442CC3D2FE00FFCD8B /* FoodGridView.swift */ = {isa = PBXFileReference; lastKnownFileType = sourcecode.swift; path = FoodGridView.swift; sourceTree = "<group>"; };
		ECDD6A462CC3D36500FFCD8B /* FoodListMainView.swift */ = {isa = PBXFileReference; lastKnownFileType = sourcecode.swift; path = FoodListMainView.swift; sourceTree = "<group>"; };
		ECDD6A482CC3E38700FFCD8B /* TabbarView.swift */ = {isa = PBXFileReference; lastKnownFileType = sourcecode.swift; path = TabbarView.swift; sourceTree = "<group>"; };
		ECDD6A512CC3E54E00FFCD8B /* OrderView.swift */ = {isa = PBXFileReference; lastKnownFileType = sourcecode.swift; path = OrderView.swift; sourceTree = "<group>"; };
		ECDD6A532CC3E55F00FFCD8B /* ProfileView.swift */ = {isa = PBXFileReference; lastKnownFileType = sourcecode.swift; path = ProfileView.swift; sourceTree = "<group>"; };
		ECDD6A552CC3E56D00FFCD8B /* CheckoutView.swift */ = {isa = PBXFileReference; lastKnownFileType = sourcecode.swift; path = CheckoutView.swift; sourceTree = "<group>"; };
		ECDD6A582CC414DE00FFCD8B /* NetworkManager.swift */ = {isa = PBXFileReference; lastKnownFileType = sourcecode.swift; path = NetworkManager.swift; sourceTree = "<group>"; };
		ECDD6A5A2CC4150800FFCD8B /* APIEndPoint.swift */ = {isa = PBXFileReference; lastKnownFileType = sourcecode.swift; path = APIEndPoint.swift; sourceTree = "<group>"; };
		ECDD6A5C2CC4153F00FFCD8B /* APIHelper.swift */ = {isa = PBXFileReference; lastKnownFileType = sourcecode.swift; path = APIHelper.swift; sourceTree = "<group>"; };
		ECDD6A5F2CC4158100FFCD8B /* FoodService.swift */ = {isa = PBXFileReference; lastKnownFileType = sourcecode.swift; path = FoodService.swift; sourceTree = "<group>"; };
		ECDD6A612CC5301100FFCD8B /* Categories.swift */ = {isa = PBXFileReference; lastKnownFileType = sourcecode.swift; path = Categories.swift; sourceTree = "<group>"; };
		ECDD6A632CC5541300FFCD8B /* ImageCache.swift */ = {isa = PBXFileReference; lastKnownFileType = sourcecode.swift; path = ImageCache.swift; sourceTree = "<group>"; };
/* End PBXFileReference section */

/* Begin PBXFrameworksBuildPhase section */
		ECDD6A022CC36EE400FFCD8B /* Frameworks */ = {
			isa = PBXFrameworksBuildPhase;
			buildActionMask = 2147483647;
			files = (
				F6A0A6EB07C52DB019483878 /* Pods_FoodDelivery.framework in Frameworks */,
			);
			runOnlyForDeploymentPostprocessing = 0;
		};
		ECDD6A122CC36EEA00FFCD8B /* Frameworks */ = {
			isa = PBXFrameworksBuildPhase;
			buildActionMask = 2147483647;
			files = (
				E9BEB1CE97807B753BD07C75 /* Pods_FoodDeliveryTests.framework in Frameworks */,
			);
			runOnlyForDeploymentPostprocessing = 0;
		};
		ECDD6A1C2CC36EEA00FFCD8B /* Frameworks */ = {
			isa = PBXFrameworksBuildPhase;
			buildActionMask = 2147483647;
			files = (
				A0DD0F811D79FD7D2528D480 /* Pods_FoodDelivery_FoodDeliveryUITests.framework in Frameworks */,
			);
			runOnlyForDeploymentPostprocessing = 0;
		};
/* End PBXFrameworksBuildPhase section */

/* Begin PBXGroup section */
		62BE4C1F4CAF717351ABCFDA /* Pods */ = {
			isa = PBXGroup;
			children = (
				53ED650F31FB2462A05719AD /* Pods-FoodDelivery.debug.xcconfig */,
				8A0DD424F05C02EE76BD7175 /* Pods-FoodDelivery.release.xcconfig */,
				E0E008E17AA0AB6B00CDF3C5 /* Pods-FoodDelivery-FoodDeliveryUITests.debug.xcconfig */,
				D742CB34B32F0E45AF2FEA8F /* Pods-FoodDelivery-FoodDeliveryUITests.release.xcconfig */,
				CE8BA1205F11A60E0E1768BD /* Pods-FoodDeliveryTests.debug.xcconfig */,
				8026A6CEE932B127D320E737 /* Pods-FoodDeliveryTests.release.xcconfig */,
			);
			path = Pods;
			sourceTree = "<group>";
		};
		C10AEF14470323819738AE23 /* Frameworks */ = {
			isa = PBXGroup;
			children = (
				3AB665E18E7B699B082A8E58 /* Pods_FoodDelivery.framework */,
				3AFE9891149CA6CA85D4CB99 /* Pods_FoodDelivery_FoodDeliveryUITests.framework */,
				CE318074B4E58FE3BED9695F /* Pods_FoodDeliveryTests.framework */,
			);
			name = Frameworks;
			sourceTree = "<group>";
		};
		ECDD69FC2CC36EE400FFCD8B = {
			isa = PBXGroup;
			children = (
				ECDD6A072CC36EE400FFCD8B /* FoodDelivery */,
				ECDD6A182CC36EEA00FFCD8B /* FoodDeliveryTests */,
				ECDD6A222CC36EEB00FFCD8B /* FoodDeliveryUITests */,
				ECDD6A062CC36EE400FFCD8B /* Products */,
				62BE4C1F4CAF717351ABCFDA /* Pods */,
				C10AEF14470323819738AE23 /* Frameworks */,
			);
			sourceTree = "<group>";
		};
		ECDD6A062CC36EE400FFCD8B /* Products */ = {
			isa = PBXGroup;
			children = (
				ECDD6A052CC36EE400FFCD8B /* FoodDelivery.app */,
				ECDD6A152CC36EEA00FFCD8B /* FoodDeliveryTests.xctest */,
				ECDD6A1F2CC36EEA00FFCD8B /* FoodDeliveryUITests.xctest */,
			);
			name = Products;
			sourceTree = "<group>";
		};
		ECDD6A072CC36EE400FFCD8B /* FoodDelivery */ = {
			isa = PBXGroup;
			children = (
				ECDD6A572CC4148700FFCD8B /* API */,
				ECDD6A352CC36F3700FFCD8B /* Helpers */,
				ECDD6A342CC36F2E00FFCD8B /* Views */,
				ECDD6A322CC36F1000FFCD8B /* Models */,
				ECDD6A082CC36EE400FFCD8B /* FoodDeliveryApp.swift */,
				ECDD6A0C2CC36EE900FFCD8B /* Assets.xcassets */,
				ECDD6A0E2CC36EE900FFCD8B /* Preview Content */,
			);
			path = FoodDelivery;
			sourceTree = "<group>";
		};
		ECDD6A0E2CC36EE900FFCD8B /* Preview Content */ = {
			isa = PBXGroup;
			children = (
				ECDD6A0F2CC36EE900FFCD8B /* Preview Assets.xcassets */,
			);
			path = "Preview Content";
			sourceTree = "<group>";
		};
		ECDD6A182CC36EEA00FFCD8B /* FoodDeliveryTests */ = {
			isa = PBXGroup;
			children = (
				ECDD6A192CC36EEA00FFCD8B /* FoodDeliveryTests.swift */,
			);
			path = FoodDeliveryTests;
			sourceTree = "<group>";
		};
		ECDD6A222CC36EEB00FFCD8B /* FoodDeliveryUITests */ = {
			isa = PBXGroup;
			children = (
				ECDD6A232CC36EEB00FFCD8B /* FoodDeliveryUITests.swift */,
				ECDD6A252CC36EEB00FFCD8B /* FoodDeliveryUITestsLaunchTests.swift */,
			);
			path = FoodDeliveryUITests;
			sourceTree = "<group>";
		};
		ECDD6A322CC36F1000FFCD8B /* Models */ = {
			isa = PBXGroup;
			children = (
				ECDD6A362CC36FD900FFCD8B /* FoodItem.swift */,
				ECDD6A612CC5301100FFCD8B /* Categories.swift */,
			);
			path = Models;
			sourceTree = "<group>";
		};
		ECDD6A342CC36F2E00FFCD8B /* Views */ = {
			isa = PBXGroup;
			children = (
				ECDD6A4D2CC3E4AE00FFCD8B /* Checkout */,
				ECDD6A4C2CC3E4A700FFCD8B /* Profile */,
				ECDD6A4B2CC3E49F00FFCD8B /* Order */,
				ECDD6A4A2CC3E49400FFCD8B /* Home */,
				ECDD6A482CC3E38700FFCD8B /* TabbarView.swift */,
			);
			path = Views;
			sourceTree = "<group>";
		};
		ECDD6A352CC36F3700FFCD8B /* Helpers */ = {
			isa = PBXGroup;
			children = (
				ECDD6A5C2CC4153F00FFCD8B /* APIHelper.swift */,
				ECDD6A632CC5541300FFCD8B /* ImageCache.swift */,
			);
			path = Helpers;
			sourceTree = "<group>";
		};
		ECDD6A4A2CC3E49400FFCD8B /* Home */ = {
			isa = PBXGroup;
			children = (
				ECDD6A4F2CC3E4C600FFCD8B /* ViewModel */,
				ECDD6A4E2CC3E4BE00FFCD8B /* Views */,
			);
			path = Home;
			sourceTree = "<group>";
		};
		ECDD6A4B2CC3E49F00FFCD8B /* Order */ = {
			isa = PBXGroup;
			children = (
				ECDD6A512CC3E54E00FFCD8B /* OrderView.swift */,
			);
			path = Order;
			sourceTree = "<group>";
		};
		ECDD6A4C2CC3E4A700FFCD8B /* Profile */ = {
			isa = PBXGroup;
			children = (
				ECDD6A532CC3E55F00FFCD8B /* ProfileView.swift */,
			);
			path = Profile;
			sourceTree = "<group>";
		};
		ECDD6A4D2CC3E4AE00FFCD8B /* Checkout */ = {
			isa = PBXGroup;
			children = (
				ECDD6A552CC3E56D00FFCD8B /* CheckoutView.swift */,
			);
			path = Checkout;
			sourceTree = "<group>";
		};
		ECDD6A4E2CC3E4BE00FFCD8B /* Views */ = {
			isa = PBXGroup;
			children = (
				ECDD6A502CC3E4EC00FFCD8B /* CustomView */,
				ECDD6A462CC3D36500FFCD8B /* FoodListMainView.swift */,
			);
			path = Views;
			sourceTree = "<group>";
		};
		ECDD6A4F2CC3E4C600FFCD8B /* ViewModel */ = {
			isa = PBXGroup;
			children = (
				ECDD6A382CC36FFF00FFCD8B /* FoodListViewModel.swift */,
			);
			path = ViewModel;
			sourceTree = "<group>";
		};
		ECDD6A502CC3E4EC00FFCD8B /* CustomView */ = {
			isa = PBXGroup;
			children = (
				ECDD6A3A2CC3702000FFCD8B /* FoodListView.swift */,
				ECDD6A3C2CC3704A00FFCD8B /* FoodDetailView.swift */,
				ECDD6A402CC3708600FFCD8B /* SearchBar.swift */,
				ECDD6A422CC38A2A00FFCD8B /* SearchView.swift */,
				ECDD6A442CC3D2FE00FFCD8B /* FoodGridView.swift */,
			);
			path = CustomView;
			sourceTree = "<group>";
		};
		ECDD6A572CC4148700FFCD8B /* API */ = {
			isa = PBXGroup;
			children = (
				ECDD6A5E2CC4156E00FFCD8B /* Service */,
				ECDD6A582CC414DE00FFCD8B /* NetworkManager.swift */,
				ECDD6A5A2CC4150800FFCD8B /* APIEndPoint.swift */,
			);
			path = API;
			sourceTree = "<group>";
		};
		ECDD6A5E2CC4156E00FFCD8B /* Service */ = {
			isa = PBXGroup;
			children = (
				ECDD6A5F2CC4158100FFCD8B /* FoodService.swift */,
			);
			path = Service;
			sourceTree = "<group>";
		};
/* End PBXGroup section */

/* Begin PBXNativeTarget section */
		ECDD6A042CC36EE400FFCD8B /* FoodDelivery */ = {
			isa = PBXNativeTarget;
			buildConfigurationList = ECDD6A292CC36EEB00FFCD8B /* Build configuration list for PBXNativeTarget "FoodDelivery" */;
			buildPhases = (
				66B9CF663E79DEF069C32E2E /* [CP] Check Pods Manifest.lock */,
				ECDD6A012CC36EE400FFCD8B /* Sources */,
				ECDD6A022CC36EE400FFCD8B /* Frameworks */,
				ECDD6A032CC36EE400FFCD8B /* Resources */,
				BD98B757EF5C11F2E11FACBC /* [CP] Embed Pods Frameworks */,
			);
			buildRules = (
			);
			dependencies = (
			);
			name = FoodDelivery;
			productName = FoodDelivery;
			productReference = ECDD6A052CC36EE400FFCD8B /* FoodDelivery.app */;
			productType = "com.apple.product-type.application";
		};
		ECDD6A142CC36EEA00FFCD8B /* FoodDeliveryTests */ = {
			isa = PBXNativeTarget;
			buildConfigurationList = ECDD6A2C2CC36EEB00FFCD8B /* Build configuration list for PBXNativeTarget "FoodDeliveryTests" */;
			buildPhases = (
				A4609F55BB4D5DD4D38775E1 /* [CP] Check Pods Manifest.lock */,
				ECDD6A112CC36EEA00FFCD8B /* Sources */,
				ECDD6A122CC36EEA00FFCD8B /* Frameworks */,
				ECDD6A132CC36EEA00FFCD8B /* Resources */,
			);
			buildRules = (
			);
			dependencies = (
				ECDD6A172CC36EEA00FFCD8B /* PBXTargetDependency */,
			);
			name = FoodDeliveryTests;
			productName = FoodDeliveryTests;
			productReference = ECDD6A152CC36EEA00FFCD8B /* FoodDeliveryTests.xctest */;
			productType = "com.apple.product-type.bundle.unit-test";
		};
		ECDD6A1E2CC36EEA00FFCD8B /* FoodDeliveryUITests */ = {
			isa = PBXNativeTarget;
			buildConfigurationList = ECDD6A2F2CC36EEB00FFCD8B /* Build configuration list for PBXNativeTarget "FoodDeliveryUITests" */;
			buildPhases = (
				5220929C7449D3E908441C1B /* [CP] Check Pods Manifest.lock */,
				ECDD6A1B2CC36EEA00FFCD8B /* Sources */,
				ECDD6A1C2CC36EEA00FFCD8B /* Frameworks */,
				ECDD6A1D2CC36EEA00FFCD8B /* Resources */,
				72B6933B25CBA66DB8268252 /* [CP] Embed Pods Frameworks */,
			);
			buildRules = (
			);
			dependencies = (
				ECDD6A212CC36EEA00FFCD8B /* PBXTargetDependency */,
			);
			name = FoodDeliveryUITests;
			productName = FoodDeliveryUITests;
			productReference = ECDD6A1F2CC36EEA00FFCD8B /* FoodDeliveryUITests.xctest */;
			productType = "com.apple.product-type.bundle.ui-testing";
		};
/* End PBXNativeTarget section */

/* Begin PBXProject section */
		ECDD69FD2CC36EE400FFCD8B /* Project object */ = {
			isa = PBXProject;
			attributes = {
				BuildIndependentTargetsInParallel = 1;
				LastSwiftUpdateCheck = 1520;
				LastUpgradeCheck = 1520;
				TargetAttributes = {
					ECDD6A042CC36EE400FFCD8B = {
						CreatedOnToolsVersion = 15.2;
					};
					ECDD6A142CC36EEA00FFCD8B = {
						CreatedOnToolsVersion = 15.2;
						TestTargetID = ECDD6A042CC36EE400FFCD8B;
					};
					ECDD6A1E2CC36EEA00FFCD8B = {
						CreatedOnToolsVersion = 15.2;
						TestTargetID = ECDD6A042CC36EE400FFCD8B;
					};
				};
			};
			buildConfigurationList = ECDD6A002CC36EE400FFCD8B /* Build configuration list for PBXProject "FoodDelivery" */;
			compatibilityVersion = "Xcode 14.0";
			developmentRegion = en;
			hasScannedForEncodings = 0;
			knownRegions = (
				en,
				Base,
			);
			mainGroup = ECDD69FC2CC36EE400FFCD8B;
			productRefGroup = ECDD6A062CC36EE400FFCD8B /* Products */;
			projectDirPath = "";
			projectRoot = "";
			targets = (
				ECDD6A042CC36EE400FFCD8B /* FoodDelivery */,
				ECDD6A142CC36EEA00FFCD8B /* FoodDeliveryTests */,
				ECDD6A1E2CC36EEA00FFCD8B /* FoodDeliveryUITests */,
			);
		};
/* End PBXProject section */

/* Begin PBXResourcesBuildPhase section */
		ECDD6A032CC36EE400FFCD8B /* Resources */ = {
			isa = PBXResourcesBuildPhase;
			buildActionMask = 2147483647;
			files = (
				ECDD6A102CC36EE900FFCD8B /* Preview Assets.xcassets in Resources */,
				ECDD6A0D2CC36EE900FFCD8B /* Assets.xcassets in Resources */,
			);
			runOnlyForDeploymentPostprocessing = 0;
		};
		ECDD6A132CC36EEA00FFCD8B /* Resources */ = {
			isa = PBXResourcesBuildPhase;
			buildActionMask = 2147483647;
			files = (
			);
			runOnlyForDeploymentPostprocessing = 0;
		};
		ECDD6A1D2CC36EEA00FFCD8B /* Resources */ = {
			isa = PBXResourcesBuildPhase;
			buildActionMask = 2147483647;
			files = (
			);
			runOnlyForDeploymentPostprocessing = 0;
		};
/* End PBXResourcesBuildPhase section */

/* Begin PBXShellScriptBuildPhase section */
		5220929C7449D3E908441C1B /* [CP] Check Pods Manifest.lock */ = {
			isa = PBXShellScriptBuildPhase;
			buildActionMask = 2147483647;
			files = (
			);
			inputFileListPaths = (
			);
			inputPaths = (
				"${PODS_PODFILE_DIR_PATH}/Podfile.lock",
				"${PODS_ROOT}/Manifest.lock",
			);
			name = "[CP] Check Pods Manifest.lock";
			outputFileListPaths = (
			);
			outputPaths = (
				"$(DERIVED_FILE_DIR)/Pods-FoodDelivery-FoodDeliveryUITests-checkManifestLockResult.txt",
			);
			runOnlyForDeploymentPostprocessing = 0;
			shellPath = /bin/sh;
			shellScript = "diff \"${PODS_PODFILE_DIR_PATH}/Podfile.lock\" \"${PODS_ROOT}/Manifest.lock\" > /dev/null\nif [ $? != 0 ] ; then\n    # print error to STDERR\n    echo \"error: The sandbox is not in sync with the Podfile.lock. Run 'pod install' or update your CocoaPods installation.\" >&2\n    exit 1\nfi\n# This output is used by Xcode 'outputs' to avoid re-running this script phase.\necho \"SUCCESS\" > \"${SCRIPT_OUTPUT_FILE_0}\"\n";
			showEnvVarsInLog = 0;
		};
		66B9CF663E79DEF069C32E2E /* [CP] Check Pods Manifest.lock */ = {
			isa = PBXShellScriptBuildPhase;
			buildActionMask = 2147483647;
			files = (
			);
			inputFileListPaths = (
			);
			inputPaths = (
				"${PODS_PODFILE_DIR_PATH}/Podfile.lock",
				"${PODS_ROOT}/Manifest.lock",
			);
			name = "[CP] Check Pods Manifest.lock";
			outputFileListPaths = (
			);
			outputPaths = (
				"$(DERIVED_FILE_DIR)/Pods-FoodDelivery-checkManifestLockResult.txt",
			);
			runOnlyForDeploymentPostprocessing = 0;
			shellPath = /bin/sh;
			shellScript = "diff \"${PODS_PODFILE_DIR_PATH}/Podfile.lock\" \"${PODS_ROOT}/Manifest.lock\" > /dev/null\nif [ $? != 0 ] ; then\n    # print error to STDERR\n    echo \"error: The sandbox is not in sync with the Podfile.lock. Run 'pod install' or update your CocoaPods installation.\" >&2\n    exit 1\nfi\n# This output is used by Xcode 'outputs' to avoid re-running this script phase.\necho \"SUCCESS\" > \"${SCRIPT_OUTPUT_FILE_0}\"\n";
			showEnvVarsInLog = 0;
		};
		72B6933B25CBA66DB8268252 /* [CP] Embed Pods Frameworks */ = {
			isa = PBXShellScriptBuildPhase;
			buildActionMask = 2147483647;
			files = (
			);
			inputFileListPaths = (
				"${PODS_ROOT}/Target Support Files/Pods-FoodDelivery-FoodDeliveryUITests/Pods-FoodDelivery-FoodDeliveryUITests-frameworks-${CONFIGURATION}-input-files.xcfilelist",
			);
			name = "[CP] Embed Pods Frameworks";
			outputFileListPaths = (
				"${PODS_ROOT}/Target Support Files/Pods-FoodDelivery-FoodDeliveryUITests/Pods-FoodDelivery-FoodDeliveryUITests-frameworks-${CONFIGURATION}-output-files.xcfilelist",
			);
			runOnlyForDeploymentPostprocessing = 0;
			shellPath = /bin/sh;
			shellScript = "\"${PODS_ROOT}/Target Support Files/Pods-FoodDelivery-FoodDeliveryUITests/Pods-FoodDelivery-FoodDeliveryUITests-frameworks.sh\"\n";
			showEnvVarsInLog = 0;
		};
		A4609F55BB4D5DD4D38775E1 /* [CP] Check Pods Manifest.lock */ = {
			isa = PBXShellScriptBuildPhase;
			buildActionMask = 2147483647;
			files = (
			);
			inputFileListPaths = (
			);
			inputPaths = (
				"${PODS_PODFILE_DIR_PATH}/Podfile.lock",
				"${PODS_ROOT}/Manifest.lock",
			);
			name = "[CP] Check Pods Manifest.lock";
			outputFileListPaths = (
			);
			outputPaths = (
				"$(DERIVED_FILE_DIR)/Pods-FoodDeliveryTests-checkManifestLockResult.txt",
			);
			runOnlyForDeploymentPostprocessing = 0;
			shellPath = /bin/sh;
			shellScript = "diff \"${PODS_PODFILE_DIR_PATH}/Podfile.lock\" \"${PODS_ROOT}/Manifest.lock\" > /dev/null\nif [ $? != 0 ] ; then\n    # print error to STDERR\n    echo \"error: The sandbox is not in sync with the Podfile.lock. Run 'pod install' or update your CocoaPods installation.\" >&2\n    exit 1\nfi\n# This output is used by Xcode 'outputs' to avoid re-running this script phase.\necho \"SUCCESS\" > \"${SCRIPT_OUTPUT_FILE_0}\"\n";
			showEnvVarsInLog = 0;
		};
		BD98B757EF5C11F2E11FACBC /* [CP] Embed Pods Frameworks */ = {
			isa = PBXShellScriptBuildPhase;
			buildActionMask = 2147483647;
			files = (
			);
			inputFileListPaths = (
				"${PODS_ROOT}/Target Support Files/Pods-FoodDelivery/Pods-FoodDelivery-frameworks-${CONFIGURATION}-input-files.xcfilelist",
			);
			name = "[CP] Embed Pods Frameworks";
			outputFileListPaths = (
				"${PODS_ROOT}/Target Support Files/Pods-FoodDelivery/Pods-FoodDelivery-frameworks-${CONFIGURATION}-output-files.xcfilelist",
			);
			runOnlyForDeploymentPostprocessing = 0;
			shellPath = /bin/sh;
			shellScript = "\"${PODS_ROOT}/Target Support Files/Pods-FoodDelivery/Pods-FoodDelivery-frameworks.sh\"\n";
			showEnvVarsInLog = 0;
		};
/* End PBXShellScriptBuildPhase section */

/* Begin PBXSourcesBuildPhase section */
		ECDD6A012CC36EE400FFCD8B /* Sources */ = {
			isa = PBXSourcesBuildPhase;
			buildActionMask = 2147483647;
			files = (
				ECDD6A472CC3D36500FFCD8B /* FoodListMainView.swift in Sources */,
				ECDD6A3B2CC3702000FFCD8B /* FoodListView.swift in Sources */,
				ECDD6A372CC36FD900FFCD8B /* FoodItem.swift in Sources */,
				ECDD6A392CC36FFF00FFCD8B /* FoodListViewModel.swift in Sources */,
				ECDD6A5D2CC4153F00FFCD8B /* APIHelper.swift in Sources */,
				ECDD6A622CC5301100FFCD8B /* Categories.swift in Sources */,
				ECDD6A542CC3E55F00FFCD8B /* ProfileView.swift in Sources */,
				ECDD6A432CC38A2A00FFCD8B /* SearchView.swift in Sources */,
				ECDD6A412CC3708600FFCD8B /* SearchBar.swift in Sources */,
				ECDD6A642CC5541300FFCD8B /* ImageCache.swift in Sources */,
				ECDD6A602CC4158100FFCD8B /* FoodService.swift in Sources */,
				ECDD6A562CC3E56D00FFCD8B /* CheckoutView.swift in Sources */,
				ECDD6A092CC36EE400FFCD8B /* FoodDeliveryApp.swift in Sources */,
				ECDD6A452CC3D2FE00FFCD8B /* FoodGridView.swift in Sources */,
				ECDD6A592CC414DE00FFCD8B /* NetworkManager.swift in Sources */,
				ECDD6A5B2CC4150800FFCD8B /* APIEndPoint.swift in Sources */,
				ECDD6A522CC3E54E00FFCD8B /* OrderView.swift in Sources */,
				ECDD6A492CC3E38700FFCD8B /* TabbarView.swift in Sources */,
				ECDD6A3D2CC3704A00FFCD8B /* FoodDetailView.swift in Sources */,
			);
			runOnlyForDeploymentPostprocessing = 0;
		};
		ECDD6A112CC36EEA00FFCD8B /* Sources */ = {
			isa = PBXSourcesBuildPhase;
			buildActionMask = 2147483647;
			files = (
				ECDD6A1A2CC36EEA00FFCD8B /* FoodDeliveryTests.swift in Sources */,
			);
			runOnlyForDeploymentPostprocessing = 0;
		};
		ECDD6A1B2CC36EEA00FFCD8B /* Sources */ = {
			isa = PBXSourcesBuildPhase;
			buildActionMask = 2147483647;
			files = (
				ECDD6A262CC36EEB00FFCD8B /* FoodDeliveryUITestsLaunchTests.swift in Sources */,
				ECDD6A242CC36EEB00FFCD8B /* FoodDeliveryUITests.swift in Sources */,
			);
			runOnlyForDeploymentPostprocessing = 0;
		};
/* End PBXSourcesBuildPhase section */

/* Begin PBXTargetDependency section */
		ECDD6A172CC36EEA00FFCD8B /* PBXTargetDependency */ = {
			isa = PBXTargetDependency;
			target = ECDD6A042CC36EE400FFCD8B /* FoodDelivery */;
			targetProxy = ECDD6A162CC36EEA00FFCD8B /* PBXContainerItemProxy */;
		};
		ECDD6A212CC36EEA00FFCD8B /* PBXTargetDependency */ = {
			isa = PBXTargetDependency;
			target = ECDD6A042CC36EE400FFCD8B /* FoodDelivery */;
			targetProxy = ECDD6A202CC36EEA00FFCD8B /* PBXContainerItemProxy */;
		};
/* End PBXTargetDependency section */

/* Begin XCBuildConfiguration section */
		ECDD6A272CC36EEB00FFCD8B /* Debug */ = {
			isa = XCBuildConfiguration;
			buildSettings = {
				ALWAYS_SEARCH_USER_PATHS = NO;
				ASSETCATALOG_COMPILER_GENERATE_SWIFT_ASSET_SYMBOL_EXTENSIONS = YES;
				CLANG_ANALYZER_NONNULL = YES;
				CLANG_ANALYZER_NUMBER_OBJECT_CONVERSION = YES_AGGRESSIVE;
				CLANG_CXX_LANGUAGE_STANDARD = "gnu++20";
				CLANG_ENABLE_MODULES = YES;
				CLANG_ENABLE_OBJC_ARC = YES;
				CLANG_ENABLE_OBJC_WEAK = YES;
				CLANG_WARN_BLOCK_CAPTURE_AUTORELEASING = YES;
				CLANG_WARN_BOOL_CONVERSION = YES;
				CLANG_WARN_COMMA = YES;
				CLANG_WARN_CONSTANT_CONVERSION = YES;
				CLANG_WARN_DEPRECATED_OBJC_IMPLEMENTATIONS = YES;
				CLANG_WARN_DIRECT_OBJC_ISA_USAGE = YES_ERROR;
				CLANG_WARN_DOCUMENTATION_COMMENTS = YES;
				CLANG_WARN_EMPTY_BODY = YES;
				CLANG_WARN_ENUM_CONVERSION = YES;
				CLANG_WARN_INFINITE_RECURSION = YES;
				CLANG_WARN_INT_CONVERSION = YES;
				CLANG_WARN_NON_LITERAL_NULL_CONVERSION = YES;
				CLANG_WARN_OBJC_IMPLICIT_RETAIN_SELF = YES;
				CLANG_WARN_OBJC_LITERAL_CONVERSION = YES;
				CLANG_WARN_OBJC_ROOT_CLASS = YES_ERROR;
				CLANG_WARN_QUOTED_INCLUDE_IN_FRAMEWORK_HEADER = YES;
				CLANG_WARN_RANGE_LOOP_ANALYSIS = YES;
				CLANG_WARN_STRICT_PROTOTYPES = YES;
				CLANG_WARN_SUSPICIOUS_MOVE = YES;
				CLANG_WARN_UNGUARDED_AVAILABILITY = YES_AGGRESSIVE;
				CLANG_WARN_UNREACHABLE_CODE = YES;
				CLANG_WARN__DUPLICATE_METHOD_MATCH = YES;
				COPY_PHASE_STRIP = NO;
				DEBUG_INFORMATION_FORMAT = dwarf;
				ENABLE_STRICT_OBJC_MSGSEND = YES;
				ENABLE_TESTABILITY = YES;
				ENABLE_USER_SCRIPT_SANDBOXING = YES;
				GCC_C_LANGUAGE_STANDARD = gnu17;
				GCC_DYNAMIC_NO_PIC = NO;
				GCC_NO_COMMON_BLOCKS = YES;
				GCC_OPTIMIZATION_LEVEL = 0;
				GCC_PREPROCESSOR_DEFINITIONS = (
					"DEBUG=1",
					"$(inherited)",
				);
				GCC_WARN_64_TO_32_BIT_CONVERSION = YES;
				GCC_WARN_ABOUT_RETURN_TYPE = YES_ERROR;
				GCC_WARN_UNDECLARED_SELECTOR = YES;
				GCC_WARN_UNINITIALIZED_AUTOS = YES_AGGRESSIVE;
				GCC_WARN_UNUSED_FUNCTION = YES;
				GCC_WARN_UNUSED_VARIABLE = YES;
				IPHONEOS_DEPLOYMENT_TARGET = 17.2;
				LOCALIZATION_PREFERS_STRING_CATALOGS = YES;
				MTL_ENABLE_DEBUG_INFO = INCLUDE_SOURCE;
				MTL_FAST_MATH = YES;
				ONLY_ACTIVE_ARCH = YES;
				SDKROOT = iphoneos;
				SWIFT_ACTIVE_COMPILATION_CONDITIONS = "DEBUG $(inherited)";
				SWIFT_OPTIMIZATION_LEVEL = "-Onone";
			};
			name = Debug;
		};
		ECDD6A282CC36EEB00FFCD8B /* Release */ = {
			isa = XCBuildConfiguration;
			buildSettings = {
				ALWAYS_SEARCH_USER_PATHS = NO;
				ASSETCATALOG_COMPILER_GENERATE_SWIFT_ASSET_SYMBOL_EXTENSIONS = YES;
				CLANG_ANALYZER_NONNULL = YES;
				CLANG_ANALYZER_NUMBER_OBJECT_CONVERSION = YES_AGGRESSIVE;
				CLANG_CXX_LANGUAGE_STANDARD = "gnu++20";
				CLANG_ENABLE_MODULES = YES;
				CLANG_ENABLE_OBJC_ARC = YES;
				CLANG_ENABLE_OBJC_WEAK = YES;
				CLANG_WARN_BLOCK_CAPTURE_AUTORELEASING = YES;
				CLANG_WARN_BOOL_CONVERSION = YES;
				CLANG_WARN_COMMA = YES;
				CLANG_WARN_CONSTANT_CONVERSION = YES;
				CLANG_WARN_DEPRECATED_OBJC_IMPLEMENTATIONS = YES;
				CLANG_WARN_DIRECT_OBJC_ISA_USAGE = YES_ERROR;
				CLANG_WARN_DOCUMENTATION_COMMENTS = YES;
				CLANG_WARN_EMPTY_BODY = YES;
				CLANG_WARN_ENUM_CONVERSION = YES;
				CLANG_WARN_INFINITE_RECURSION = YES;
				CLANG_WARN_INT_CONVERSION = YES;
				CLANG_WARN_NON_LITERAL_NULL_CONVERSION = YES;
				CLANG_WARN_OBJC_IMPLICIT_RETAIN_SELF = YES;
				CLANG_WARN_OBJC_LITERAL_CONVERSION = YES;
				CLANG_WARN_OBJC_ROOT_CLASS = YES_ERROR;
				CLANG_WARN_QUOTED_INCLUDE_IN_FRAMEWORK_HEADER = YES;
				CLANG_WARN_RANGE_LOOP_ANALYSIS = YES;
				CLANG_WARN_STRICT_PROTOTYPES = YES;
				CLANG_WARN_SUSPICIOUS_MOVE = YES;
				CLANG_WARN_UNGUARDED_AVAILABILITY = YES_AGGRESSIVE;
				CLANG_WARN_UNREACHABLE_CODE = YES;
				CLANG_WARN__DUPLICATE_METHOD_MATCH = YES;
				COPY_PHASE_STRIP = NO;
				DEBUG_INFORMATION_FORMAT = "dwarf-with-dsym";
				ENABLE_NS_ASSERTIONS = NO;
				ENABLE_STRICT_OBJC_MSGSEND = YES;
				ENABLE_USER_SCRIPT_SANDBOXING = YES;
				GCC_C_LANGUAGE_STANDARD = gnu17;
				GCC_NO_COMMON_BLOCKS = YES;
				GCC_WARN_64_TO_32_BIT_CONVERSION = YES;
				GCC_WARN_ABOUT_RETURN_TYPE = YES_ERROR;
				GCC_WARN_UNDECLARED_SELECTOR = YES;
				GCC_WARN_UNINITIALIZED_AUTOS = YES_AGGRESSIVE;
				GCC_WARN_UNUSED_FUNCTION = YES;
				GCC_WARN_UNUSED_VARIABLE = YES;
				IPHONEOS_DEPLOYMENT_TARGET = 17.2;
				LOCALIZATION_PREFERS_STRING_CATALOGS = YES;
				MTL_ENABLE_DEBUG_INFO = NO;
				MTL_FAST_MATH = YES;
				SDKROOT = iphoneos;
				SWIFT_COMPILATION_MODE = wholemodule;
				VALIDATE_PRODUCT = YES;
			};
			name = Release;
		};
		ECDD6A2A2CC36EEB00FFCD8B /* Debug */ = {
			isa = XCBuildConfiguration;
			baseConfigurationReference = 53ED650F31FB2462A05719AD /* Pods-FoodDelivery.debug.xcconfig */;
			buildSettings = {
				ASSETCATALOG_COMPILER_APPICON_NAME = AppIcon;
				ASSETCATALOG_COMPILER_GLOBAL_ACCENT_COLOR_NAME = AccentColor;
				CODE_SIGN_STYLE = Automatic;
				CURRENT_PROJECT_VERSION = 1;
				DEVELOPMENT_ASSET_PATHS = "\"FoodDelivery/Preview Content\"";
				ENABLE_PREVIEWS = YES;
				ENABLE_USER_SCRIPT_SANDBOXING = NO;
				GENERATE_INFOPLIST_FILE = YES;
				INFOPLIST_KEY_CFBundleDisplayName = DeliveryAPP;
				INFOPLIST_KEY_UIApplicationSceneManifest_Generation = YES;
				INFOPLIST_KEY_UIApplicationSupportsIndirectInputEvents = YES;
				INFOPLIST_KEY_UILaunchScreen_Generation = YES;
				INFOPLIST_KEY_UISupportedInterfaceOrientations_iPad = "UIInterfaceOrientationPortrait UIInterfaceOrientationPortraitUpsideDown UIInterfaceOrientationLandscapeLeft UIInterfaceOrientationLandscapeRight";
				INFOPLIST_KEY_UISupportedInterfaceOrientations_iPhone = "UIInterfaceOrientationPortrait UIInterfaceOrientationLandscapeLeft UIInterfaceOrientationLandscapeRight";
				IPHONEOS_DEPLOYMENT_TARGET = 15.0;
				LD_RUNPATH_SEARCH_PATHS = (
					"$(inherited)",
					"@executable_path/Frameworks",
				);
				MARKETING_VERSION = 1.0;
				PRODUCT_BUNDLE_IDENTIFIER = henry.FoodDelivery;
				PRODUCT_NAME = "$(TARGET_NAME)";
				SWIFT_EMIT_LOC_STRINGS = YES;
				SWIFT_VERSION = 5.0;
				TARGETED_DEVICE_FAMILY = "1,2";
			};
			name = Debug;
		};
		ECDD6A2B2CC36EEB00FFCD8B /* Release */ = {
			isa = XCBuildConfiguration;
			baseConfigurationReference = 8A0DD424F05C02EE76BD7175 /* Pods-FoodDelivery.release.xcconfig */;
			buildSettings = {
				ASSETCATALOG_COMPILER_APPICON_NAME = AppIcon;
				ASSETCATALOG_COMPILER_GLOBAL_ACCENT_COLOR_NAME = AccentColor;
				CODE_SIGN_STYLE = Automatic;
				CURRENT_PROJECT_VERSION = 1;
				DEVELOPMENT_ASSET_PATHS = "\"FoodDelivery/Preview Content\"";
				ENABLE_PREVIEWS = YES;
				ENABLE_USER_SCRIPT_SANDBOXING = NO;
				GENERATE_INFOPLIST_FILE = YES;
				INFOPLIST_KEY_CFBundleDisplayName = DeliveryAPP;
				INFOPLIST_KEY_UIApplicationSceneManifest_Generation = YES;
				INFOPLIST_KEY_UIApplicationSupportsIndirectInputEvents = YES;
				INFOPLIST_KEY_UILaunchScreen_Generation = YES;
				INFOPLIST_KEY_UISupportedInterfaceOrientations_iPad = "UIInterfaceOrientationPortrait UIInterfaceOrientationPortraitUpsideDown UIInterfaceOrientationLandscapeLeft UIInterfaceOrientationLandscapeRight";
				INFOPLIST_KEY_UISupportedInterfaceOrientations_iPhone = "UIInterfaceOrientationPortrait UIInterfaceOrientationLandscapeLeft UIInterfaceOrientationLandscapeRight";
				IPHONEOS_DEPLOYMENT_TARGET = 15.0;
				LD_RUNPATH_SEARCH_PATHS = (
					"$(inherited)",
					"@executable_path/Frameworks",
				);
				MARKETING_VERSION = 1.0;
				PRODUCT_BUNDLE_IDENTIFIER = henry.FoodDelivery;
				PRODUCT_NAME = "$(TARGET_NAME)";
				SWIFT_EMIT_LOC_STRINGS = YES;
				SWIFT_VERSION = 5.0;
				TARGETED_DEVICE_FAMILY = "1,2";
			};
			name = Release;
		};
		ECDD6A2D2CC36EEB00FFCD8B /* Debug */ = {
			isa = XCBuildConfiguration;
			baseConfigurationReference = CE8BA1205F11A60E0E1768BD /* Pods-FoodDeliveryTests.debug.xcconfig */;
			buildSettings = {
				ALWAYS_EMBED_SWIFT_STANDARD_LIBRARIES = YES;
				BUNDLE_LOADER = "$(TEST_HOST)";
				CODE_SIGN_STYLE = Automatic;
				CURRENT_PROJECT_VERSION = 1;
				GENERATE_INFOPLIST_FILE = YES;
				IPHONEOS_DEPLOYMENT_TARGET = 17.2;
				MARKETING_VERSION = 1.0;
				PRODUCT_BUNDLE_IDENTIFIER = henry.FoodDeliveryTests;
				PRODUCT_NAME = "$(TARGET_NAME)";
				SWIFT_EMIT_LOC_STRINGS = NO;
				SWIFT_VERSION = 5.0;
				TARGETED_DEVICE_FAMILY = "1,2";
				TEST_HOST = "$(BUILT_PRODUCTS_DIR)/FoodDelivery.app/$(BUNDLE_EXECUTABLE_FOLDER_PATH)/FoodDelivery";
			};
			name = Debug;
		};
		ECDD6A2E2CC36EEB00FFCD8B /* Release */ = {
			isa = XCBuildConfiguration;
			baseConfigurationReference = 8026A6CEE932B127D320E737 /* Pods-FoodDeliveryTests.release.xcconfig */;
			buildSettings = {
				ALWAYS_EMBED_SWIFT_STANDARD_LIBRARIES = YES;
				BUNDLE_LOADER = "$(TEST_HOST)";
				CODE_SIGN_STYLE = Automatic;
				CURRENT_PROJECT_VERSION = 1;
				GENERATE_INFOPLIST_FILE = YES;
				IPHONEOS_DEPLOYMENT_TARGET = 17.2;
				MARKETING_VERSION = 1.0;
				PRODUCT_BUNDLE_IDENTIFIER = henry.FoodDeliveryTests;
				PRODUCT_NAME = "$(TARGET_NAME)";
				SWIFT_EMIT_LOC_STRINGS = NO;
				SWIFT_VERSION = 5.0;
				TARGETED_DEVICE_FAMILY = "1,2";
				TEST_HOST = "$(BUILT_PRODUCTS_DIR)/FoodDelivery.app/$(BUNDLE_EXECUTABLE_FOLDER_PATH)/FoodDelivery";
			};
			name = Release;
		};
		ECDD6A302CC36EEB00FFCD8B /* Debug */ = {
			isa = XCBuildConfiguration;
			baseConfigurationReference = E0E008E17AA0AB6B00CDF3C5 /* Pods-FoodDelivery-FoodDeliveryUITests.debug.xcconfig */;
			buildSettings = {
				ALWAYS_EMBED_SWIFT_STANDARD_LIBRARIES = YES;
				CODE_SIGN_STYLE = Automatic;
				CURRENT_PROJECT_VERSION = 1;
				GENERATE_INFOPLIST_FILE = YES;
				MARKETING_VERSION = 1.0;
				PRODUCT_BUNDLE_IDENTIFIER = henry.FoodDeliveryUITests;
				PRODUCT_NAME = "$(TARGET_NAME)";
				SWIFT_EMIT_LOC_STRINGS = NO;
				SWIFT_VERSION = 5.0;
				TARGETED_DEVICE_FAMILY = "1,2";
				TEST_TARGET_NAME = FoodDelivery;
			};
			name = Debug;
		};
		ECDD6A312CC36EEB00FFCD8B /* Release */ = {
			isa = XCBuildConfiguration;
			baseConfigurationReference = D742CB34B32F0E45AF2FEA8F /* Pods-FoodDelivery-FoodDeliveryUITests.release.xcconfig */;
			buildSettings = {
				ALWAYS_EMBED_SWIFT_STANDARD_LIBRARIES = YES;
				CODE_SIGN_STYLE = Automatic;
				CURRENT_PROJECT_VERSION = 1;
				GENERATE_INFOPLIST_FILE = YES;
				MARKETING_VERSION = 1.0;
				PRODUCT_BUNDLE_IDENTIFIER = henry.FoodDeliveryUITests;
				PRODUCT_NAME = "$(TARGET_NAME)";
				SWIFT_EMIT_LOC_STRINGS = NO;
				SWIFT_VERSION = 5.0;
				TARGETED_DEVICE_FAMILY = "1,2";
				TEST_TARGET_NAME = FoodDelivery;
			};
			name = Release;
		};
/* End XCBuildConfiguration section */

/* Begin XCConfigurationList section */
		ECDD6A002CC36EE400FFCD8B /* Build configuration list for PBXProject "FoodDelivery" */ = {
			isa = XCConfigurationList;
			buildConfigurations = (
				ECDD6A272CC36EEB00FFCD8B /* Debug */,
				ECDD6A282CC36EEB00FFCD8B /* Release */,
			);
			defaultConfigurationIsVisible = 0;
			defaultConfigurationName = Release;
		};
		ECDD6A292CC36EEB00FFCD8B /* Build configuration list for PBXNativeTarget "FoodDelivery" */ = {
			isa = XCConfigurationList;
			buildConfigurations = (
				ECDD6A2A2CC36EEB00FFCD8B /* Debug */,
				ECDD6A2B2CC36EEB00FFCD8B /* Release */,
			);
			defaultConfigurationIsVisible = 0;
			defaultConfigurationName = Release;
		};
		ECDD6A2C2CC36EEB00FFCD8B /* Build configuration list for PBXNativeTarget "FoodDeliveryTests" */ = {
			isa = XCConfigurationList;
			buildConfigurations = (
				ECDD6A2D2CC36EEB00FFCD8B /* Debug */,
				ECDD6A2E2CC36EEB00FFCD8B /* Release */,
			);
			defaultConfigurationIsVisible = 0;
			defaultConfigurationName = Release;
		};
		ECDD6A2F2CC36EEB00FFCD8B /* Build configuration list for PBXNativeTarget "FoodDeliveryUITests" */ = {
			isa = XCConfigurationList;
			buildConfigurations = (
				ECDD6A302CC36EEB00FFCD8B /* Debug */,
				ECDD6A312CC36EEB00FFCD8B /* Release */,
			);
			defaultConfigurationIsVisible = 0;
			defaultConfigurationName = Release;
		};
/* End XCConfigurationList section */
	};
	rootObject = ECDD69FD2CC36EE400FFCD8B /* Project object */;
}
